
Microsoft Visual Studio Solution File, Format Version 12.00
# Visual Studio Version 17
VisualStudioVersion = 17.7.34024.191
MinimumVisualStudioVersion = 10.0.40219.1
Project("{FAE04EC0-301F-11D3-BF4B-00C04F79EFBC}") = "ApiPractica4", "ApiPractica4\ApiPractica4.csproj", "{A388A7F1-D5E4-4B59-A540-5D570671A0FE}"
EndProject
Global
	GlobalSection(SolutionConfigurationPlatforms) = preSolution
		Debug|Any CPU = Debug|Any CPU
		Release|Any CPU = Release|Any CPU
	EndGlobalSection
	GlobalSection(ProjectConfigurationPlatforms) = postSolution
		{A388A7F1-D5E4-4B59-A540-5D570671A0FE}.Debug|Any CPU.ActiveCfg = Debug|Any CPU
		{A388A7F1-D5E4-4B59-A540-5D570671A0FE}.Debug|Any CPU.Build.0 = Debug|Any CPU
		{A388A7F1-D5E4-4B59-A540-5D570671A0FE}.Release|Any CPU.ActiveCfg = Release|Any CPU
		{A388A7F1-D5E4-4B59-A540-5D570671A0FE}.Release|Any CPU.Build.0 = Release|Any CPU
	EndGlobalSection
	GlobalSection(SolutionProperties) = preSolution
		HideSolutionNode = FALSE
	EndGlobalSection
	GlobalSection(ExtensibilityGlobals) = postSolution
		SolutionGuid = {480AFB39-1AFF-4CDF-8437-CB3EC8363D6D}
	EndGlobalSection
EndGlobal
